
Microsoft Visual Studio Solution File, Format Version 12.00
# Visual Studio Version 17
VisualStudioVersion = 17.14.36616.10 d17.14
MinimumVisualStudioVersion = 10.0.40219.1
Project("{FAE04EC0-301F-11D3-BF4B-00C04F79EFBC}") = "WorkingWithS3", "WorkingWithS3.csproj", "{368F749C-4073-4426-AFFF-5834CA40BD24}"
EndProject
Global
	GlobalSection(SolutionConfigurationPlatforms) = preSolution
		Debug|Any CPU = Debug|Any CPU
		Release|Any CPU = Release|Any CPU
	EndGlobalSection
	GlobalSection(ProjectConfigurationPlatforms) = postSolution
		{368F749C-4073-4426-AFFF-5834CA40BD24}.Debug|Any CPU.ActiveCfg = Debug|Any CPU
		{368F749C-4073-4426-AFFF-5834CA40BD24}.Debug|Any CPU.Build.0 = Debug|Any CPU
		{368F749C-4073-4426-AFFF-5834CA40BD24}.Release|Any CPU.ActiveCfg = Release|Any CPU
		{368F749C-4073-4426-AFFF-5834CA40BD24}.Release|Any CPU.Build.0 = Release|Any CPU
	EndGlobalSection
	GlobalSection(SolutionProperties) = preSolution
		HideSolutionNode = FALSE
	EndGlobalSection
	GlobalSection(ExtensibilityGlobals) = postSolution
		SolutionGuid = {BE22CC3D-D917-4EBE-B74D-AB82E24DB955}
	EndGlobalSection
EndGlobal
